// !$*UTF8*$!
{
	archiveVersion = 1;
	classes = {
	};
	objectVersion = 56;
	objects = {

/* Begin PBXBuildFile section */
		415195812A4A5A8A001000F6 /* hp_triviaApp.swift in Sources */ = {isa = PBXBuildFile; fileRef = 415195802A4A5A8A001000F6 /* hp_triviaApp.swift */; };
		415195832A4A5A8A001000F6 /* ContentView.swift in Sources */ = {isa = PBXBuildFile; fileRef = 415195822A4A5A8A001000F6 /* ContentView.swift */; };
		415195852A4A5A8B001000F6 /* Assets.xcassets in Resources */ = {isa = PBXBuildFile; fileRef = 415195842A4A5A8B001000F6 /* Assets.xcassets */; };
		415195882A4A5A8B001000F6 /* Preview Assets.xcassets in Resources */ = {isa = PBXBuildFile; fileRef = 415195872A4A5A8B001000F6 /* Preview Assets.xcassets */; };
		4151958F2A4A5AF3001000F6 /* trivia.json in Resources */ = {isa = PBXBuildFile; fileRef = 4151958E2A4A5AF3001000F6 /* trivia.json */; };
		415195982A4A5B01001000F6 /* magic-wand.mp3 in Resources */ = {isa = PBXBuildFile; fileRef = 415195902A4A5B00001000F6 /* magic-wand.mp3 */; };
		415195992A4A5B01001000F6 /* page-flip.mp3 in Resources */ = {isa = PBXBuildFile; fileRef = 415195912A4A5B01001000F6 /* page-flip.mp3 */; };
		4151959A2A4A5B01001000F6 /* let-the-mystery-unfold.mp3 in Resources */ = {isa = PBXBuildFile; fileRef = 415195922A4A5B01001000F6 /* let-the-mystery-unfold.mp3 */; };
		4151959B2A4A5B01001000F6 /* hiding-place-in-the-forest.mp3 in Resources */ = {isa = PBXBuildFile; fileRef = 415195932A4A5B01001000F6 /* hiding-place-in-the-forest.mp3 */; };
		4151959C2A4A5B01001000F6 /* negative-beeps.mp3 in Resources */ = {isa = PBXBuildFile; fileRef = 415195942A4A5B01001000F6 /* negative-beeps.mp3 */; };
		4151959D2A4A5B01001000F6 /* magic-in-the-air.mp3 in Resources */ = {isa = PBXBuildFile; fileRef = 415195952A4A5B01001000F6 /* magic-in-the-air.mp3 */; };
		4151959E2A4A5B01001000F6 /* deep-in-the-dell.mp3 in Resources */ = {isa = PBXBuildFile; fileRef = 415195962A4A5B01001000F6 /* deep-in-the-dell.mp3 */; };
		4151959F2A4A5B01001000F6 /* spellcraft.mp3 in Resources */ = {isa = PBXBuildFile; fileRef = 415195972A4A5B01001000F6 /* spellcraft.mp3 */; };
		415195A12A4A5E5F001000F6 /* Constants.swift in Sources */ = {isa = PBXBuildFile; fileRef = 415195A02A4A5E5F001000F6 /* Constants.swift */; };
		415195A32A4A67C9001000F6 /* Instructions.swift in Sources */ = {isa = PBXBuildFile; fileRef = 415195A22A4A67C9001000F6 /* Instructions.swift */; };
		415195A52A4A6B39001000F6 /* Settings.swift in Sources */ = {isa = PBXBuildFile; fileRef = 415195A42A4A6B39001000F6 /* Settings.swift */; };
		415195A72A4A711F001000F6 /* SettingsBook.swift in Sources */ = {isa = PBXBuildFile; fileRef = 415195A62A4A711F001000F6 /* SettingsBook.swift */; };
		415926312A4E499B00C3B791 /* Store.swift in Sources */ = {isa = PBXBuildFile; fileRef = 415926302A4E499B00C3B791 /* Store.swift */; };
		415926332A4E557A00C3B791 /* Question.swift in Sources */ = {isa = PBXBuildFile; fileRef = 415926322A4E557A00C3B791 /* Question.swift */; };
		415926352A4F71E200C3B791 /* Game.swift in Sources */ = {isa = PBXBuildFile; fileRef = 415926342A4F71E200C3B791 /* Game.swift */; };
		41A80E6B2A4BB00500314C3C /* Gameplay.swift in Sources */ = {isa = PBXBuildFile; fileRef = 41A80E6A2A4BB00500314C3C /* Gameplay.swift */; };
/* End PBXBuildFile section */

/* Begin PBXFileReference section */
		4151957D2A4A5A8A001000F6 /* hp-trivia.app */ = {isa = PBXFileReference; explicitFileType = wrapper.application; includeInIndex = 0; path = "hp-trivia.app"; sourceTree = BUILT_PRODUCTS_DIR; };
		415195802A4A5A8A001000F6 /* hp_triviaApp.swift */ = {isa = PBXFileReference; lastKnownFileType = sourcecode.swift; path = hp_triviaApp.swift; sourceTree = "<group>"; };
		415195822A4A5A8A001000F6 /* ContentView.swift */ = {isa = PBXFileReference; lastKnownFileType = sourcecode.swift; path = ContentView.swift; sourceTree = "<group>"; };
		415195842A4A5A8B001000F6 /* Assets.xcassets */ = {isa = PBXFileReference; lastKnownFileType = folder.assetcatalog; path = Assets.xcassets; sourceTree = "<group>"; };
		415195872A4A5A8B001000F6 /* Preview Assets.xcassets */ = {isa = PBXFileReference; lastKnownFileType = folder.assetcatalog; path = "Preview Assets.xcassets"; sourceTree = "<group>"; };
		4151958E2A4A5AF3001000F6 /* trivia.json */ = {isa = PBXFileReference; fileEncoding = 4; lastKnownFileType = text.json; path = trivia.json; sourceTree = "<group>"; };
		415195902A4A5B00001000F6 /* magic-wand.mp3 */ = {isa = PBXFileReference; lastKnownFileType = audio.mp3; path = "magic-wand.mp3"; sourceTree = "<group>"; };
		415195912A4A5B01001000F6 /* page-flip.mp3 */ = {isa = PBXFileReference; lastKnownFileType = audio.mp3; path = "page-flip.mp3"; sourceTree = "<group>"; };
		415195922A4A5B01001000F6 /* let-the-mystery-unfold.mp3 */ = {isa = PBXFileReference; lastKnownFileType = audio.mp3; path = "let-the-mystery-unfold.mp3"; sourceTree = "<group>"; };
		415195932A4A5B01001000F6 /* hiding-place-in-the-forest.mp3 */ = {isa = PBXFileReference; lastKnownFileType = audio.mp3; path = "hiding-place-in-the-forest.mp3"; sourceTree = "<group>"; };
		415195942A4A5B01001000F6 /* negative-beeps.mp3 */ = {isa = PBXFileReference; lastKnownFileType = audio.mp3; path = "negative-beeps.mp3"; sourceTree = "<group>"; };
		415195952A4A5B01001000F6 /* magic-in-the-air.mp3 */ = {isa = PBXFileReference; lastKnownFileType = audio.mp3; path = "magic-in-the-air.mp3"; sourceTree = "<group>"; };
		415195962A4A5B01001000F6 /* deep-in-the-dell.mp3 */ = {isa = PBXFileReference; lastKnownFileType = audio.mp3; path = "deep-in-the-dell.mp3"; sourceTree = "<group>"; };
		415195972A4A5B01001000F6 /* spellcraft.mp3 */ = {isa = PBXFileReference; lastKnownFileType = audio.mp3; path = spellcraft.mp3; sourceTree = "<group>"; };
		415195A02A4A5E5F001000F6 /* Constants.swift */ = {isa = PBXFileReference; lastKnownFileType = sourcecode.swift; path = Constants.swift; sourceTree = "<group>"; };
		415195A22A4A67C9001000F6 /* Instructions.swift */ = {isa = PBXFileReference; lastKnownFileType = sourcecode.swift; path = Instructions.swift; sourceTree = "<group>"; };
		415195A42A4A6B39001000F6 /* Settings.swift */ = {isa = PBXFileReference; lastKnownFileType = sourcecode.swift; path = Settings.swift; sourceTree = "<group>"; };
		415195A62A4A711F001000F6 /* SettingsBook.swift */ = {isa = PBXFileReference; lastKnownFileType = sourcecode.swift; path = SettingsBook.swift; sourceTree = "<group>"; };
		4159262F2A4E48B800C3B791 /* HPConfig.storekit */ = {isa = PBXFileReference; lastKnownFileType = text; path = HPConfig.storekit; sourceTree = "<group>"; };
		415926302A4E499B00C3B791 /* Store.swift */ = {isa = PBXFileReference; lastKnownFileType = sourcecode.swift; path = Store.swift; sourceTree = "<group>"; };
		415926322A4E557A00C3B791 /* Question.swift */ = {isa = PBXFileReference; lastKnownFileType = sourcecode.swift; path = Question.swift; sourceTree = "<group>"; };
		415926342A4F71E200C3B791 /* Game.swift */ = {isa = PBXFileReference; lastKnownFileType = sourcecode.swift; path = Game.swift; sourceTree = "<group>"; };
		41A80E6A2A4BB00500314C3C /* Gameplay.swift */ = {isa = PBXFileReference; lastKnownFileType = sourcecode.swift; path = Gameplay.swift; sourceTree = "<group>"; };
/* End PBXFileReference section */

/* Begin PBXFrameworksBuildPhase section */
		4151957A2A4A5A8A001000F6 /* Frameworks */ = {
			isa = PBXFrameworksBuildPhase;
			buildActionMask = 2147483647;
			files = (
			);
			runOnlyForDeploymentPostprocessing = 0;
		};
/* End PBXFrameworksBuildPhase section */

/* Begin PBXGroup section */
		415195742A4A5A8A001000F6 = {
			isa = PBXGroup;
			children = (
				4151957F2A4A5A8A001000F6 /* hp-trivia */,
				4151957E2A4A5A8A001000F6 /* Products */,
			);
			sourceTree = "<group>";
		};
		4151957E2A4A5A8A001000F6 /* Products */ = {
			isa = PBXGroup;
			children = (
				4151957D2A4A5A8A001000F6 /* hp-trivia.app */,
			);
			name = Products;
			sourceTree = "<group>";
		};
		4151957F2A4A5A8A001000F6 /* hp-trivia */ = {
			isa = PBXGroup;
			children = (
				415195802A4A5A8A001000F6 /* hp_triviaApp.swift */,
				415195822A4A5A8A001000F6 /* ContentView.swift */,
				41A80E6A2A4BB00500314C3C /* Gameplay.swift */,
				415926322A4E557A00C3B791 /* Question.swift */,
				415926342A4F71E200C3B791 /* Game.swift */,
				4159262F2A4E48B800C3B791 /* HPConfig.storekit */,
				415926302A4E499B00C3B791 /* Store.swift */,
				415195A42A4A6B39001000F6 /* Settings.swift */,
				415195A62A4A711F001000F6 /* SettingsBook.swift */,
				415195A22A4A67C9001000F6 /* Instructions.swift */,
				415195A02A4A5E5F001000F6 /* Constants.swift */,
				4151958E2A4A5AF3001000F6 /* trivia.json */,
				415195842A4A5A8B001000F6 /* Assets.xcassets */,
				415195962A4A5B01001000F6 /* deep-in-the-dell.mp3 */,
				415195932A4A5B01001000F6 /* hiding-place-in-the-forest.mp3 */,
				415195922A4A5B01001000F6 /* let-the-mystery-unfold.mp3 */,
				415195952A4A5B01001000F6 /* magic-in-the-air.mp3 */,
				415195902A4A5B00001000F6 /* magic-wand.mp3 */,
				415195942A4A5B01001000F6 /* negative-beeps.mp3 */,
				415195912A4A5B01001000F6 /* page-flip.mp3 */,
				415195972A4A5B01001000F6 /* spellcraft.mp3 */,
				415195862A4A5A8B001000F6 /* Preview Content */,
			);
			path = "hp-trivia";
			sourceTree = "<group>";
		};
		415195862A4A5A8B001000F6 /* Preview Content */ = {
			isa = PBXGroup;
			children = (
				415195872A4A5A8B001000F6 /* Preview Assets.xcassets */,
			);
			path = "Preview Content";
			sourceTree = "<group>";
		};
/* End PBXGroup section */

/* Begin PBXNativeTarget section */
		4151957C2A4A5A8A001000F6 /* hp-trivia */ = {
			isa = PBXNativeTarget;
			buildConfigurationList = 4151958B2A4A5A8B001000F6 /* Build configuration list for PBXNativeTarget "hp-trivia" */;
			buildPhases = (
				415195792A4A5A8A001000F6 /* Sources */,
				4151957A2A4A5A8A001000F6 /* Frameworks */,
				4151957B2A4A5A8A001000F6 /* Resources */,
			);
			buildRules = (
			);
			dependencies = (
			);
			name = "hp-trivia";
			productName = "hp-trivia";
			productReference = 4151957D2A4A5A8A001000F6 /* hp-trivia.app */;
			productType = "com.apple.product-type.application";
		};
/* End PBXNativeTarget section */

/* Begin PBXProject section */
		415195752A4A5A8A001000F6 /* Project object */ = {
			isa = PBXProject;
			attributes = {
				BuildIndependentTargetsInParallel = 1;
				LastSwiftUpdateCheck = 1430;
				LastUpgradeCheck = 1430;
				TargetAttributes = {
					4151957C2A4A5A8A001000F6 = {
						CreatedOnToolsVersion = 14.3.1;
					};
				};
			};
			buildConfigurationList = 415195782A4A5A8A001000F6 /* Build configuration list for PBXProject "hp-trivia" */;
			compatibilityVersion = "Xcode 14.0";
			developmentRegion = en;
			hasScannedForEncodings = 0;
			knownRegions = (
				en,
				Base,
			);
			mainGroup = 415195742A4A5A8A001000F6;
			productRefGroup = 4151957E2A4A5A8A001000F6 /* Products */;
			projectDirPath = "";
			projectRoot = "";
			targets = (
				4151957C2A4A5A8A001000F6 /* hp-trivia */,
			);
		};
/* End PBXProject section */

/* Begin PBXResourcesBuildPhase section */
		4151957B2A4A5A8A001000F6 /* Resources */ = {
			isa = PBXResourcesBuildPhase;
			buildActionMask = 2147483647;
			files = (
				415195982A4A5B01001000F6 /* magic-wand.mp3 in Resources */,
				415195882A4A5A8B001000F6 /* Preview Assets.xcassets in Resources */,
				4151959D2A4A5B01001000F6 /* magic-in-the-air.mp3 in Resources */,
				4151959A2A4A5B01001000F6 /* let-the-mystery-unfold.mp3 in Resources */,
				4151959F2A4A5B01001000F6 /* spellcraft.mp3 in Resources */,
				415195852A4A5A8B001000F6 /* Assets.xcassets in Resources */,
				4151959B2A4A5B01001000F6 /* hiding-place-in-the-forest.mp3 in Resources */,
				415195992A4A5B01001000F6 /* page-flip.mp3 in Resources */,
				4151958F2A4A5AF3001000F6 /* trivia.json in Resources */,
				4151959E2A4A5B01001000F6 /* deep-in-the-dell.mp3 in Resources */,
				4151959C2A4A5B01001000F6 /* negative-beeps.mp3 in Resources */,
			);
			runOnlyForDeploymentPostprocessing = 0;
		};
/* End PBXResourcesBuildPhase section */

/* Begin PBXSourcesBuildPhase section */
		415195792A4A5A8A001000F6 /* Sources */ = {
			isa = PBXSourcesBuildPhase;
			buildActionMask = 2147483647;
			files = (
				41A80E6B2A4BB00500314C3C /* Gameplay.swift in Sources */,
				415926352A4F71E200C3B791 /* Game.swift in Sources */,
				415195832A4A5A8A001000F6 /* ContentView.swift in Sources */,
				415195812A4A5A8A001000F6 /* hp_triviaApp.swift in Sources */,
				415926332A4E557A00C3B791 /* Question.swift in Sources */,
				415926312A4E499B00C3B791 /* Store.swift in Sources */,
				415195A32A4A67C9001000F6 /* Instructions.swift in Sources */,
				415195A12A4A5E5F001000F6 /* Constants.swift in Sources */,
				415195A52A4A6B39001000F6 /* Settings.swift in Sources */,
				415195A72A4A711F001000F6 /* SettingsBook.swift in Sources */,
			);
			runOnlyForDeploymentPostprocessing = 0;
		};
/* End PBXSourcesBuildPhase section */

/* Begin XCBuildConfiguration section */
		415195892A4A5A8B001000F6 /* Debug */ = {
			isa = XCBuildConfiguration;
			buildSettings = {
				ALWAYS_SEARCH_USER_PATHS = NO;
				CLANG_ANALYZER_NONNULL = YES;
				CLANG_ANALYZER_NUMBER_OBJECT_CONVERSION = YES_AGGRESSIVE;
				CLANG_CXX_LANGUAGE_STANDARD = "gnu++20";
				CLANG_ENABLE_MODULES = YES;
				CLANG_ENABLE_OBJC_ARC = YES;
				CLANG_ENABLE_OBJC_WEAK = YES;
				CLANG_WARN_BLOCK_CAPTURE_AUTORELEASING = YES;
				CLANG_WARN_BOOL_CONVERSION = YES;
				CLANG_WARN_COMMA = YES;
				CLANG_WARN_CONSTANT_CONVERSION = YES;
				CLANG_WARN_DEPRECATED_OBJC_IMPLEMENTATIONS = YES;
				CLANG_WARN_DIRECT_OBJC_ISA_USAGE = YES_ERROR;
				CLANG_WARN_DOCUMENTATION_COMMENTS = YES;
				CLANG_WARN_EMPTY_BODY = YES;
				CLANG_WARN_ENUM_CONVERSION = YES;
				CLANG_WARN_INFINITE_RECURSION = YES;
				CLANG_WARN_INT_CONVERSION = YES;
				CLANG_WARN_NON_LITERAL_NULL_CONVERSION = YES;
				CLANG_WARN_OBJC_IMPLICIT_RETAIN_SELF = YES;
				CLANG_WARN_OBJC_LITERAL_CONVERSION = YES;
				CLANG_WARN_OBJC_ROOT_CLASS = YES_ERROR;
				CLANG_WARN_QUOTED_INCLUDE_IN_FRAMEWORK_HEADER = YES;
				CLANG_WARN_RANGE_LOOP_ANALYSIS = YES;
				CLANG_WARN_STRICT_PROTOTYPES = YES;
				CLANG_WARN_SUSPICIOUS_MOVE = YES;
				CLANG_WARN_UNGUARDED_AVAILABILITY = YES_AGGRESSIVE;
				CLANG_WARN_UNREACHABLE_CODE = YES;
				CLANG_WARN__DUPLICATE_METHOD_MATCH = YES;
				COPY_PHASE_STRIP = NO;
				DEBUG_INFORMATION_FORMAT = dwarf;
				ENABLE_STRICT_OBJC_MSGSEND = YES;
				ENABLE_TESTABILITY = YES;
				GCC_C_LANGUAGE_STANDARD = gnu11;
				GCC_DYNAMIC_NO_PIC = NO;
				GCC_NO_COMMON_BLOCKS = YES;
				GCC_OPTIMIZATION_LEVEL = 0;
				GCC_PREPROCESSOR_DEFINITIONS = (
					"DEBUG=1",
					"$(inherited)",
				);
				GCC_WARN_64_TO_32_BIT_CONVERSION = YES;
				GCC_WARN_ABOUT_RETURN_TYPE = YES_ERROR;
				GCC_WARN_UNDECLARED_SELECTOR = YES;
				GCC_WARN_UNINITIALIZED_AUTOS = YES_AGGRESSIVE;
				GCC_WARN_UNUSED_FUNCTION = YES;
				GCC_WARN_UNUSED_VARIABLE = YES;
				IPHONEOS_DEPLOYMENT_TARGET = 16.4;
				MTL_ENABLE_DEBUG_INFO = INCLUDE_SOURCE;
				MTL_FAST_MATH = YES;
				ONLY_ACTIVE_ARCH = YES;
				SDKROOT = iphoneos;
				SWIFT_ACTIVE_COMPILATION_CONDITIONS = DEBUG;
				SWIFT_OPTIMIZATION_LEVEL = "-Onone";
			};
			name = Debug;
		};
		4151958A2A4A5A8B001000F6 /* Release */ = {
			isa = XCBuildConfiguration;
			buildSettings = {
				ALWAYS_SEARCH_USER_PATHS = NO;
				CLANG_ANALYZER_NONNULL = YES;
				CLANG_ANALYZER_NUMBER_OBJECT_CONVERSION = YES_AGGRESSIVE;
				CLANG_CXX_LANGUAGE_STANDARD = "gnu++20";
				CLANG_ENABLE_MODULES = YES;
				CLANG_ENABLE_OBJC_ARC = YES;
				CLANG_ENABLE_OBJC_WEAK = YES;
				CLANG_WARN_BLOCK_CAPTURE_AUTORELEASING = YES;
				CLANG_WARN_BOOL_CONVERSION = YES;
				CLANG_WARN_COMMA = YES;
				CLANG_WARN_CONSTANT_CONVERSION = YES;
				CLANG_WARN_DEPRECATED_OBJC_IMPLEMENTATIONS = YES;
				CLANG_WARN_DIRECT_OBJC_ISA_USAGE = YES_ERROR;
				CLANG_WARN_DOCUMENTATION_COMMENTS = YES;
				CLANG_WARN_EMPTY_BODY = YES;
				CLANG_WARN_ENUM_CONVERSION = YES;
				CLANG_WARN_INFINITE_RECURSION = YES;
				CLANG_WARN_INT_CONVERSION = YES;
				CLANG_WARN_NON_LITERAL_NULL_CONVERSION = YES;
				CLANG_WARN_OBJC_IMPLICIT_RETAIN_SELF = YES;
				CLANG_WARN_OBJC_LITERAL_CONVERSION = YES;
				CLANG_WARN_OBJC_ROOT_CLASS = YES_ERROR;
				CLANG_WARN_QUOTED_INCLUDE_IN_FRAMEWORK_HEADER = YES;
				CLANG_WARN_RANGE_LOOP_ANALYSIS = YES;
				CLANG_WARN_STRICT_PROTOTYPES = YES;
				CLANG_WARN_SUSPICIOUS_MOVE = YES;
				CLANG_WARN_UNGUARDED_AVAILABILITY = YES_AGGRESSIVE;
				CLANG_WARN_UNREACHABLE_CODE = YES;
				CLANG_WARN__DUPLICATE_METHOD_MATCH = YES;
				COPY_PHASE_STRIP = NO;
				DEBUG_INFORMATION_FORMAT = "dwarf-with-dsym";
				ENABLE_NS_ASSERTIONS = NO;
				ENABLE_STRICT_OBJC_MSGSEND = YES;
				GCC_C_LANGUAGE_STANDARD = gnu11;
				GCC_NO_COMMON_BLOCKS = YES;
				GCC_WARN_64_TO_32_BIT_CONVERSION = YES;
				GCC_WARN_ABOUT_RETURN_TYPE = YES_ERROR;
				GCC_WARN_UNDECLARED_SELECTOR = YES;
				GCC_WARN_UNINITIALIZED_AUTOS = YES_AGGRESSIVE;
				GCC_WARN_UNUSED_FUNCTION = YES;
				GCC_WARN_UNUSED_VARIABLE = YES;
				IPHONEOS_DEPLOYMENT_TARGET = 16.4;
				MTL_ENABLE_DEBUG_INFO = NO;
				MTL_FAST_MATH = YES;
				SDKROOT = iphoneos;
				SWIFT_COMPILATION_MODE = wholemodule;
				SWIFT_OPTIMIZATION_LEVEL = "-O";
				VALIDATE_PRODUCT = YES;
			};
			name = Release;
		};
		4151958C2A4A5A8B001000F6 /* Debug */ = {
			isa = XCBuildConfiguration;
			buildSettings = {
				ASSETCATALOG_COMPILER_APPICON_NAME = AppIcon;
				ASSETCATALOG_COMPILER_GLOBAL_ACCENT_COLOR_NAME = AccentColor;
				CODE_SIGN_STYLE = Automatic;
				CURRENT_PROJECT_VERSION = 1;
				DEVELOPMENT_ASSET_PATHS = "\"hp-trivia/Preview Content\"";
				DEVELOPMENT_TEAM = 6NZUM7E583;
				ENABLE_PREVIEWS = YES;
				GENERATE_INFOPLIST_FILE = YES;
				INFOPLIST_KEY_UIApplicationSceneManifest_Generation = YES;
				INFOPLIST_KEY_UIApplicationSupportsIndirectInputEvents = YES;
				INFOPLIST_KEY_UILaunchScreen_Generation = YES;
				INFOPLIST_KEY_UISupportedInterfaceOrientations_iPad = "UIInterfaceOrientationPortrait UIInterfaceOrientationPortraitUpsideDown UIInterfaceOrientationLandscapeLeft UIInterfaceOrientationLandscapeRight";
				INFOPLIST_KEY_UISupportedInterfaceOrientations_iPhone = "UIInterfaceOrientationPortrait UIInterfaceOrientationLandscapeLeft UIInterfaceOrientationLandscapeRight";
				LD_RUNPATH_SEARCH_PATHS = (
					"$(inherited)",
					"@executable_path/Frameworks",
				);
				MARKETING_VERSION = 1.0;
				PRODUCT_BUNDLE_IDENTIFIER = "com.metal-sole.hp-trivia";
				PRODUCT_NAME = "$(TARGET_NAME)";
				SWIFT_EMIT_LOC_STRINGS = YES;
				SWIFT_VERSION = 5.0;
				TARGETED_DEVICE_FAMILY = "1,2";
			};
			name = Debug;
		};
		4151958D2A4A5A8B001000F6 /* Release */ = {
			isa = XCBuildConfiguration;
			buildSettings = {
				ASSETCATALOG_COMPILER_APPICON_NAME = AppIcon;
				ASSETCATALOG_COMPILER_GLOBAL_ACCENT_COLOR_NAME = AccentColor;
				CODE_SIGN_STYLE = Automatic;
				CURRENT_PROJECT_VERSION = 1;
				DEVELOPMENT_ASSET_PATHS = "\"hp-trivia/Preview Content\"";
				DEVELOPMENT_TEAM = 6NZUM7E583;
				ENABLE_PREVIEWS = YES;
				GENERATE_INFOPLIST_FILE = YES;
				INFOPLIST_KEY_UIApplicationSceneManifest_Generation = YES;
				INFOPLIST_KEY_UIApplicationSupportsIndirectInputEvents = YES;
				INFOPLIST_KEY_UILaunchScreen_Generation = YES;
				INFOPLIST_KEY_UISupportedInterfaceOrientations_iPad = "UIInterfaceOrientationPortrait UIInterfaceOrientationPortraitUpsideDown UIInterfaceOrientationLandscapeLeft UIInterfaceOrientationLandscapeRight";
				INFOPLIST_KEY_UISupportedInterfaceOrientations_iPhone = "UIInterfaceOrientationPortrait UIInterfaceOrientationLandscapeLeft UIInterfaceOrientationLandscapeRight";
				LD_RUNPATH_SEARCH_PATHS = (
					"$(inherited)",
					"@executable_path/Frameworks",
				);
				MARKETING_VERSION = 1.0;
				PRODUCT_BUNDLE_IDENTIFIER = "com.metal-sole.hp-trivia";
				PRODUCT_NAME = "$(TARGET_NAME)";
				SWIFT_EMIT_LOC_STRINGS = YES;
				SWIFT_VERSION = 5.0;
				TARGETED_DEVICE_FAMILY = "1,2";
			};
			name = Release;
		};
/* End XCBuildConfiguration section */

/* Begin XCConfigurationList section */
		415195782A4A5A8A001000F6 /* Build configuration list for PBXProject "hp-trivia" */ = {
			isa = XCConfigurationList;
			buildConfigurations = (
				415195892A4A5A8B001000F6 /* Debug */,
				4151958A2A4A5A8B001000F6 /* Release */,
			);
			defaultConfigurationIsVisible = 0;
			defaultConfigurationName = Release;
		};
		4151958B2A4A5A8B001000F6 /* Build configuration list for PBXNativeTarget "hp-trivia" */ = {
			isa = XCConfigurationList;
			buildConfigurations = (
				4151958C2A4A5A8B001000F6 /* Debug */,
				4151958D2A4A5A8B001000F6 /* Release */,
			);
			defaultConfigurationIsVisible = 0;
			defaultConfigurationName = Release;
		};
/* End XCConfigurationList section */
	};
	rootObject = 415195752A4A5A8A001000F6 /* Project object */;
}
